
Microsoft Visual Studio Solution File, Format Version 12.00
# Visual Studio 15
VisualStudioVersion = 15.0.28307.852
MinimumVisualStudioVersion = 10.0.40219.1
Project("{FAE04EC0-301F-11D3-BF4B-00C04F79EFBC}") = "BusinessLayer", "BusinessLayer\BusinessLayer.csproj", "{DC5E79F6-C0B2-4DB4-AF5D-9124595AF505}"
EndProject
Project("{FAE04EC0-301F-11D3-BF4B-00C04F79EFBC}") = "AMSProjectNew", "AMSProjectNew\AMSProjectNew.csproj", "{E78CA87D-7906-47CF-9F4C-79CB3C462E4E}"
EndProject
Project("{FAE04EC0-301F-11D3-BF4B-00C04F79EFBC}") = "WebServiceTest", "WebServiceTest\WebServiceTest.csproj", "{6BA647FD-696C-49F2-9B16-DAF6BEA59668}"
EndProject
Global
	GlobalSection(SolutionConfigurationPlatforms) = preSolution
		Debug|Any CPU = Debug|Any CPU
		Release|Any CPU = Release|Any CPU
	EndGlobalSection
	GlobalSection(ProjectConfigurationPlatforms) = postSolution
		{DC5E79F6-C0B2-4DB4-AF5D-9124595AF505}.Debug|Any CPU.ActiveCfg = Debug|Any CPU
		{DC5E79F6-C0B2-4DB4-AF5D-9124595AF505}.Debug|Any CPU.Build.0 = Debug|Any CPU
		{DC5E79F6-C0B2-4DB4-AF5D-9124595AF505}.Release|Any CPU.ActiveCfg = Release|Any CPU
		{DC5E79F6-C0B2-4DB4-AF5D-9124595AF505}.Release|Any CPU.Build.0 = Release|Any CPU
		{E78CA87D-7906-47CF-9F4C-79CB3C462E4E}.Debug|Any CPU.ActiveCfg = Debug|Any CPU
		{E78CA87D-7906-47CF-9F4C-79CB3C462E4E}.Debug|Any CPU.Build.0 = Debug|Any CPU
		{E78CA87D-7906-47CF-9F4C-79CB3C462E4E}.Release|Any CPU.ActiveCfg = Release|Any CPU
		{E78CA87D-7906-47CF-9F4C-79CB3C462E4E}.Release|Any CPU.Build.0 = Release|Any CPU
		{6BA647FD-696C-49F2-9B16-DAF6BEA59668}.Debug|Any CPU.ActiveCfg = Debug|Any CPU
		{6BA647FD-696C-49F2-9B16-DAF6BEA59668}.Debug|Any CPU.Build.0 = Debug|Any CPU
		{6BA647FD-696C-49F2-9B16-DAF6BEA59668}.Release|Any CPU.ActiveCfg = Release|Any CPU
		{6BA647FD-696C-49F2-9B16-DAF6BEA59668}.Release|Any CPU.Build.0 = Release|Any CPU
	EndGlobalSection
	GlobalSection(SolutionProperties) = preSolution
		HideSolutionNode = FALSE
	EndGlobalSection
	GlobalSection(ExtensibilityGlobals) = postSolution
		SolutionGuid = {8ED16E81-DB7E-47B8-8B71-0C02BCE4919F}
	EndGlobalSection
EndGlobal
